
Microsoft Visual Studio Solution File, Format Version 12.00
# Visual Studio Version 17
VisualStudioVersion = 17.11.35312.102
MinimumVisualStudioVersion = 10.0.40219.1
Project("{FAE04EC0-301F-11D3-BF4B-00C04F79EFBC}") = "HolaMundo", "HolaMundo.csproj", "{3DA9A977-35C8-499D-B3E3-79178A9436E7}"
EndProject
Global
	GlobalSection(SolutionConfigurationPlatforms) = preSolution
		Debug|Any CPU = Debug|Any CPU
		Release|Any CPU = Release|Any CPU
	EndGlobalSection
	GlobalSection(ProjectConfigurationPlatforms) = postSolution
		{3DA9A977-35C8-499D-B3E3-79178A9436E7}.Debug|Any CPU.ActiveCfg = Debug|Any CPU
		{3DA9A977-35C8-499D-B3E3-79178A9436E7}.Debug|Any CPU.Build.0 = Debug|Any CPU
		{3DA9A977-35C8-499D-B3E3-79178A9436E7}.Release|Any CPU.ActiveCfg = Release|Any CPU
		{3DA9A977-35C8-499D-B3E3-79178A9436E7}.Release|Any CPU.Build.0 = Release|Any CPU
	EndGlobalSection
	GlobalSection(SolutionProperties) = preSolution
		HideSolutionNode = FALSE
	EndGlobalSection
	GlobalSection(ExtensibilityGlobals) = postSolution
		SolutionGuid = {BEB12226-E2BA-4B21-917D-5AFFBC0B4EF1}
	EndGlobalSection
EndGlobal
